{
  "version": 4,
  "terraform_version": "0.13.1",
  "serial": 56,
  "lineage": "7734cc0e-94c1-9ad0-4a63-64b7bd68ad38",
  "outputs": {
    "config_map_aws_auth": {
      "value": "apiVersion: v1\nkind: ConfigMap\nmetadata:\n  name: aws-auth\n  namespace: kube-system\ndata:\n  mapRoles: |\n    - rolearn: arn:aws:iam::560001942613:role/demi_eks_worker_role\n      username: system:node:{{EC2PrivateDNSName}}\n      groups:\n        - system:bootstrappers\n        - system:nodes\n",
      "type": "string"
    },
    "kubeconfig": {
      "value": "apiVersion: v1\nclusters:\n- cluster:\n    server: https://6957B5B0D4CDC616217D40F4124AABFA.gr7.us-east-1.eks.amazonaws.com\n    certificate-authority-data: LS0tLS1CRUdJTiBDRVJUSUZJQ0FURS0tLS0tCk1JSUN5RENDQWJDZ0F3SUJBZ0lCQURBTkJna3Foa2lHOXcwQkFRc0ZBREFWTVJNd0VRWURWUVFERXdwcmRXSmwKY201bGRHVnpNQjRYRFRJd01Ea3dOekF6TVRjeE1sb1hEVE13TURrd05UQXpNVGN4TWxvd0ZURVRNQkVHQTFVRQpBeE1LYTNWaVpYSnVaWFJsY3pDQ0FTSXdEUVlKS29aSWh2Y05BUUVCQlFBRGdnRVBBRENDQVFvQ2dnRUJBS0lWCkR5Z2ZHWCtOYUxocGRadFpMUGNHTUdPZElUZmhCbFQ0ZDVIRWppbkgzRmFiMWIrWlhQQWF6ODY4bnZrTmRFN0YKaHJXODFaaXZsOElIVG1ubENYSDZxWTJpOFpsclljUkhVVVovcU5ObS9iN1U4Z2p0cjdEZFVVUHd4bFFnenhTMApkWnQvM2tpbzNueHQ3cWtJcU9PR1hoQURHaWQyQXpsVHIrdDFkdUQycVUxSVNaSWJjQmV6RVl2SG5pSDJjbzN6CkgyMGtzWkVldGwxbkRyb3M4OUNabjZwU0FyRlJWeUdwb3FwZTRWU2pmVUpycVQ2cmE5VXI0MHBKKzNoUnNyeFIKZmloSlk4V3lpZXI3NzZHdkZDL0w1enBRMTY3a3BUclVWM0xKVGxaM2JwYUYwakxOaXVqVHorYnRUcmFrVlZpQwpubHdlbURyK2ZJR2lGenE2SG5NQ0F3RUFBYU1qTUNFd0RnWURWUjBQQVFIL0JBUURBZ0trTUE4R0ExVWRFd0VCCi93UUZNQU1CQWY4d0RRWUpLb1pJaHZjTkFRRUxCUUFEZ2dFQkFJRjB5b2VpWGMzaGx3MVZGUkc4Y0laTXlvUSsKeE1rNjJuSFA0b1BUcGhVODFRSGlKdU1QOGVrcTVsL1JmRDlkY3ZvS0kwUUM2d2U2b2VhM1hRRS9Tck05TS9NawpGWXhHaGlNL3Ryb1dwV2FhM254TDRuaTdTWVlzN1NDSFVmM2ZsSmh5VTBMZ3ZuZjZueUdISUp1M0gzWjhicnUrCkNza3hueGdETnd4VzBaRVc3YnBybDdqNEQxVGRBWkw3cHVnVlJPQ1hPaUhkWWgvRWE1MFBLaVdPN2FpMlhGN28Ka2Y4cEg1YytBNGFGZ0psSXhWL1NqeEpidkZ1UDFra2JtWXJOcUJxVEdFblFIMTZlTjJ5TlNtdVFuY3BxVnFiSApQMDRqdmNnQkdLZHZyRmdtOGZIOGNRTGZXRjQ5MVJwdnBLcThKRjhRVXRzQklZaHNXVzR6RmoyZ1NNRT0KLS0tLS1FTkQgQ0VSVElGSUNBVEUtLS0tLQo=\n  name: kubernetes\ncontexts:\n- context:\n    cluster: kubernetes\n    user: aws\n  name: aws\ncurrent-context: aws\nkind: Config\npreferences: {}\nusers:\n- name: aws\n  user:\n    exec:\n      apiVersion: client.authentication.k8s.io/v1alpha1\n      command: aws-iam-authenticator\n      args:\n        - \"token\"\n        - \"-i\"\n        - \"demi_eks_cluster\"\n",
      "type": "string"
    }
  },
  "resources": [
    {
      "mode": "data",
      "type": "aws_availability_zones",
      "name": "available",
      "provider": "provider[\"registry.terraform.io/hashicorp/aws\"]",
      "instances": [
        {
          "schema_version": 0,
          "attributes": {
            "all_availability_zones": null,
            "exclude_names": null,
            "exclude_zone_ids": null,
            "filter": null,
            "group_names": [
              "us-east-1"
            ],
            "id": "2020-09-07 03:06:23.599357029 +0000 UTC",
            "names": [
              "us-east-1a",
              "us-east-1b",
              "us-east-1c",
              "us-east-1d",
              "us-east-1e",
              "us-east-1f"
            ],
            "state": null,
            "zone_ids": [
              "use1-az1",
              "use1-az2",
              "use1-az4",
              "use1-az6",
              "use1-az3",
              "use1-az5"
            ]
          }
        }
      ]
    },
    {
      "mode": "data",
      "type": "http",
      "name": "workstation-external-ip",
      "provider": "provider[\"registry.terraform.io/hashicorp/http\"]",
      "instances": [
        {
          "schema_version": 0,
          "attributes": {
            "body": "34.207.46.21\n",
            "id": "2020-09-07 03:06:22.912141873 +0000 UTC",
            "request_headers": null,
            "response_headers": {
              "Access-Control-Allow-Methods": "GET",
              "Access-Control-Allow-Origin": "*",
              "Content-Length": "13",
              "Content-Type": "text/plain; charset=UTF-8",
              "Date": "Mon, 07 Sep 2020 03:08:07 GMT",
              "Server": "nginx",
              "X-Donation": "This site is expensive to run. You can donate BTC to 3LSp89k9qnMJBpV7AUNF3M2Eo1vatpkYpm",
              "X-Duck": "🦆",
              "X-Node": "icanhazip-iad-1",
              "X-Rtfm": "Learn about this site at http://bit.ly/icanhazip-faq and do not abuse the service."
            },
            "url": "http://ipv4.icanhazip.com"
          }
        }
      ]
    },
    {
      "mode": "managed",
      "type": "aws_eks_cluster",
      "name": "demo",
      "provider": "provider[\"registry.terraform.io/hashicorp/aws\"]",
      "instances": [
        {
          "schema_version": 0,
          "attributes": {
            "arn": "arn:aws:eks:us-east-1:560001942613:cluster/demi_eks_cluster",
            "certificate_authority": [
              {
                "data": "LS0tLS1CRUdJTiBDRVJUSUZJQ0FURS0tLS0tCk1JSUN5RENDQWJDZ0F3SUJBZ0lCQURBTkJna3Foa2lHOXcwQkFRc0ZBREFWTVJNd0VRWURWUVFERXdwcmRXSmwKY201bGRHVnpNQjRYRFRJd01Ea3dOekF6TVRjeE1sb1hEVE13TURrd05UQXpNVGN4TWxvd0ZURVRNQkVHQTFVRQpBeE1LYTNWaVpYSnVaWFJsY3pDQ0FTSXdEUVlKS29aSWh2Y05BUUVCQlFBRGdnRVBBRENDQVFvQ2dnRUJBS0lWCkR5Z2ZHWCtOYUxocGRadFpMUGNHTUdPZElUZmhCbFQ0ZDVIRWppbkgzRmFiMWIrWlhQQWF6ODY4bnZrTmRFN0YKaHJXODFaaXZsOElIVG1ubENYSDZxWTJpOFpsclljUkhVVVovcU5ObS9iN1U4Z2p0cjdEZFVVUHd4bFFnenhTMApkWnQvM2tpbzNueHQ3cWtJcU9PR1hoQURHaWQyQXpsVHIrdDFkdUQycVUxSVNaSWJjQmV6RVl2SG5pSDJjbzN6CkgyMGtzWkVldGwxbkRyb3M4OUNabjZwU0FyRlJWeUdwb3FwZTRWU2pmVUpycVQ2cmE5VXI0MHBKKzNoUnNyeFIKZmloSlk4V3lpZXI3NzZHdkZDL0w1enBRMTY3a3BUclVWM0xKVGxaM2JwYUYwakxOaXVqVHorYnRUcmFrVlZpQwpubHdlbURyK2ZJR2lGenE2SG5NQ0F3RUFBYU1qTUNFd0RnWURWUjBQQVFIL0JBUURBZ0trTUE4R0ExVWRFd0VCCi93UUZNQU1CQWY4d0RRWUpLb1pJaHZjTkFRRUxCUUFEZ2dFQkFJRjB5b2VpWGMzaGx3MVZGUkc4Y0laTXlvUSsKeE1rNjJuSFA0b1BUcGhVODFRSGlKdU1QOGVrcTVsL1JmRDlkY3ZvS0kwUUM2d2U2b2VhM1hRRS9Tck05TS9NawpGWXhHaGlNL3Ryb1dwV2FhM254TDRuaTdTWVlzN1NDSFVmM2ZsSmh5VTBMZ3ZuZjZueUdISUp1M0gzWjhicnUrCkNza3hueGdETnd4VzBaRVc3YnBybDdqNEQxVGRBWkw3cHVnVlJPQ1hPaUhkWWgvRWE1MFBLaVdPN2FpMlhGN28Ka2Y4cEg1YytBNGFGZ0psSXhWL1NqeEpidkZ1UDFra2JtWXJOcUJxVEdFblFIMTZlTjJ5TlNtdVFuY3BxVnFiSApQMDRqdmNnQkdLZHZyRmdtOGZIOGNRTGZXRjQ5MVJwdnBLcThKRjhRVXRzQklZaHNXVzR6RmoyZ1NNRT0KLS0tLS1FTkQgQ0VSVElGSUNBVEUtLS0tLQo="
              }
            ],
            "created_at": "2020-09-07 03:09:02.395 +0000 UTC",
            "enabled_cluster_log_types": null,
            "encryption_config": [],
            "endpoint": "https://6957B5B0D4CDC616217D40F4124AABFA.gr7.us-east-1.eks.amazonaws.com",
            "id": "demi_eks_cluster",
            "identity": [
              {
                "oidc": [
                  {
                    "issuer": "https://oidc.eks.us-east-1.amazonaws.com/id/6957B5B0D4CDC616217D40F4124AABFA"
                  }
                ]
              }
            ],
            "name": "demi_eks_cluster",
            "platform_version": "eks.3",
            "role_arn": "arn:aws:iam::560001942613:role/demi_eks_cluster_role",
            "status": "ACTIVE",
            "tags": null,
            "timeouts": null,
            "version": "1.17",
            "vpc_config": [
              {
                "cluster_security_group_id": "sg-0edbfbd490e09577c",
                "endpoint_private_access": false,
                "endpoint_public_access": true,
                "public_access_cidrs": [
                  "0.0.0.0/0"
                ],
                "security_group_ids": [
                  "sg-0207c4ec3c714ad0b"
                ],
                "subnet_ids": [
                  "subnet-001f382a97938e85c",
                  "subnet-0c96d49bdfdb9e694",
                  "subnet-0d4dd25fb61ad582b"
                ],
                "vpc_id": "vpc-0bb7bb4e60d7d5cd1"
              }
            ]
          },
          "private": "eyJlMmJmYjczMC1lY2FhLTExZTYtOGY4OC0zNDM2M2JjN2M0YzAiOnsiY3JlYXRlIjoxODAwMDAwMDAwMDAwLCJkZWxldGUiOjkwMDAwMDAwMDAwMCwidXBkYXRlIjozNjAwMDAwMDAwMDAwfX0=",
          "dependencies": [
            "aws_iam_role.demo-cluster",
            "aws_iam_role_policy_attachment.demo-cluster-AmazonEKSClusterPolicy",
            "aws_security_group.demo-cluster",
            "aws_subnet.demo",
            "data.aws_availability_zones.available"
          ]
        }
      ]
    },
    {
      "mode": "managed",
      "type": "aws_eks_node_group",
      "name": "demo",
      "provider": "provider[\"registry.terraform.io/hashicorp/aws\"]",
      "instances": [
        {
          "schema_version": 0,
          "attributes": {
            "ami_type": "AL2_x86_64",
            "arn": "arn:aws:eks:us-east-1:560001942613:nodegroup/demi_eks_cluster/demi_node_group/0cba334a-1e1c-c276-0496-06f857e7de27",
            "cluster_name": "demi_eks_cluster",
            "disk_size": 20,
            "force_update_version": null,
            "id": "demi_eks_cluster:demi_node_group",
            "instance_types": [
              "t3.medium"
            ],
            "labels": null,
            "launch_template": [],
            "node_group_name": "demi_node_group",
            "node_role_arn": "arn:aws:iam::560001942613:role/demi_eks_worker_role",
            "release_version": "1.17.9-20200904",
            "remote_access": [],
            "resources": [
              {
                "autoscaling_groups": [
                  {
                    "name": "eks-0cba334a-1e1c-c276-0496-06f857e7de27"
                  }
                ],
                "remote_access_security_group_id": ""
              }
            ],
            "scaling_config": [
              {
                "desired_size": 2,
                "max_size": 2,
                "min_size": 2
              }
            ],
            "status": "ACTIVE",
            "subnet_ids": [
              "subnet-001f382a97938e85c",
              "subnet-0c96d49bdfdb9e694",
              "subnet-0d4dd25fb61ad582b"
            ],
            "tags": null,
            "timeouts": null,
            "version": "1.17"
          },
          "private": "eyJlMmJmYjczMC1lY2FhLTExZTYtOGY4OC0zNDM2M2JjN2M0YzAiOnsiY3JlYXRlIjozNjAwMDAwMDAwMDAwLCJkZWxldGUiOjM2MDAwMDAwMDAwMDAsInVwZGF0ZSI6MzYwMDAwMDAwMDAwMH19",
          "dependencies": [
            "aws_eks_cluster.demo",
            "aws_iam_role.demo-cluster",
            "aws_iam_role.demo-node",
            "aws_iam_role_policy_attachment.demo-cluster-AmazonEKSClusterPolicy",
            "aws_iam_role_policy_attachment.demo-node-AmazonEC2ContainerRegistryReadOnly",
            "aws_iam_role_policy_attachment.demo-node-AmazonEKSWorkerNodePolicy",
            "aws_iam_role_policy_attachment.demo-node-AmazonEKS_CNI_Policy",
            "aws_security_group.demo-cluster",
            "aws_subnet.demo",
            "data.aws_availability_zones.available"
          ]
        }
      ]
    },
    {
      "mode": "managed",
      "type": "aws_iam_role",
      "name": "demo-cluster",
      "provider": "provider[\"registry.terraform.io/hashicorp/aws\"]",
      "instances": [
        {
          "schema_version": 0,
          "attributes": {
            "arn": "arn:aws:iam::560001942613:role/demi_eks_cluster_role",
            "assume_role_policy": "{\"Version\":\"2012-10-17\",\"Statement\":[{\"Effect\":\"Allow\",\"Principal\":{\"Service\":\"eks.amazonaws.com\"},\"Action\":\"sts:AssumeRole\"}]}",
            "create_date": "2020-09-07T03:09:00Z",
            "description": "",
            "force_detach_policies": false,
            "id": "demi_eks_cluster_role",
            "max_session_duration": 3600,
            "name": "demi_eks_cluster_role",
            "name_prefix": null,
            "path": "/",
            "permissions_boundary": null,
            "tags": null,
            "unique_id": "AROAYEYVXQRK2OG5ZA3V4"
          },
          "private": "bnVsbA=="
        }
      ]
    },
    {
      "mode": "managed",
      "type": "aws_iam_role",
      "name": "demo-node",
      "provider": "provider[\"registry.terraform.io/hashicorp/aws\"]",
      "instances": [
        {
          "schema_version": 0,
          "attributes": {
            "arn": "arn:aws:iam::560001942613:role/demi_eks_worker_role",
            "assume_role_policy": "{\"Version\":\"2012-10-17\",\"Statement\":[{\"Effect\":\"Allow\",\"Principal\":{\"Service\":\"ec2.amazonaws.com\"},\"Action\":\"sts:AssumeRole\"}]}",
            "create_date": "2020-09-07T03:09:00Z",
            "description": "",
            "force_detach_policies": false,
            "id": "demi_eks_worker_role",
            "max_session_duration": 3600,
            "name": "demi_eks_worker_role",
            "name_prefix": null,
            "path": "/",
            "permissions_boundary": null,
            "tags": null,
            "unique_id": "AROAYEYVXQRKSVBVCENPF"
          },
          "private": "bnVsbA=="
        }
      ]
    },
    {
      "mode": "managed",
      "type": "aws_iam_role_policy_attachment",
      "name": "demo-cluster-AmazonEKSClusterPolicy",
      "provider": "provider[\"registry.terraform.io/hashicorp/aws\"]",
      "instances": [
        {
          "schema_version": 0,
          "attributes": {
            "id": "demi_eks_cluster_role-20200907030716680700000004",
            "policy_arn": "arn:aws:iam::aws:policy/AmazonEKSClusterPolicy",
            "role": "demi_eks_cluster_role"
          },
          "private": "bnVsbA==",
          "dependencies": [
            "aws_iam_role.demo-cluster"
          ]
        }
      ]
    },
    {
      "mode": "managed",
      "type": "aws_iam_role_policy_attachment",
      "name": "demo-node-AmazonEC2ContainerRegistryReadOnly",
      "provider": "provider[\"registry.terraform.io/hashicorp/aws\"]",
      "instances": [
        {
          "schema_version": 0,
          "attributes": {
            "id": "demi_eks_worker_role-20200907030716559600000002",
            "policy_arn": "arn:aws:iam::aws:policy/AmazonEC2ContainerRegistryReadOnly",
            "role": "demi_eks_worker_role"
          },
          "private": "bnVsbA==",
          "dependencies": [
            "aws_iam_role.demo-node"
          ]
        }
      ]
    },
    {
      "mode": "managed",
      "type": "aws_iam_role_policy_attachment",
      "name": "demo-node-AmazonEKSWorkerNodePolicy",
      "provider": "provider[\"registry.terraform.io/hashicorp/aws\"]",
      "instances": [
        {
          "schema_version": 0,
          "attributes": {
            "id": "demi_eks_worker_role-20200907030716519100000001",
            "policy_arn": "arn:aws:iam::aws:policy/AmazonEKSWorkerNodePolicy",
            "role": "demi_eks_worker_role"
          },
          "private": "bnVsbA==",
          "dependencies": [
            "aws_iam_role.demo-node"
          ]
        }
      ]
    },
    {
      "mode": "managed",
      "type": "aws_iam_role_policy_attachment",
      "name": "demo-node-AmazonEKS_CNI_Policy",
      "provider": "provider[\"registry.terraform.io/hashicorp/aws\"]",
      "instances": [
        {
          "schema_version": 0,
          "attributes": {
            "id": "demi_eks_worker_role-20200907030716577400000003",
            "policy_arn": "arn:aws:iam::aws:policy/AmazonEKS_CNI_Policy",
            "role": "demi_eks_worker_role"
          },
          "private": "bnVsbA==",
          "dependencies": [
            "aws_iam_role.demo-node"
          ]
        }
      ]
    },
    {
      "mode": "managed",
      "type": "aws_route_table",
      "name": "demo",
      "provider": "provider[\"registry.terraform.io/hashicorp/aws\"]",
      "instances": [
        {
          "schema_version": 0,
          "attributes": {
            "id": "rtb-0c58eee14ae90e61f",
            "owner_id": "560001942613",
            "propagating_vgws": [],
            "route": [
              {
                "cidr_block": "0.0.0.0/0",
                "egress_only_gateway_id": "",
                "gateway_id": "igw-003dc5016bb964c18",
                "instance_id": "",
                "ipv6_cidr_block": "",
                "local_gateway_id": "",
                "nat_gateway_id": "",
                "network_interface_id": "",
                "transit_gateway_id": "",
                "vpc_peering_connection_id": ""
              }
            ],
            "tags": {
              "Name": "demi_eks_route_table",
              "kubernetes.io/cluster/demi_eks_cluster": "shared"
            },
            "vpc_id": "vpc-0bb7bb4e60d7d5cd1"
          },
          "private": "bnVsbA=="
        }
      ]
    },
    {
      "mode": "managed",
      "type": "aws_route_table_association",
      "name": "demo",
      "provider": "provider[\"registry.terraform.io/hashicorp/aws\"]",
      "instances": [
        {
          "index_key": 0,
          "schema_version": 0,
          "attributes": {
            "gateway_id": null,
            "id": "rtbassoc-0bb8435b6c63b2050",
            "route_table_id": "rtb-0c58eee14ae90e61f",
            "subnet_id": "subnet-0d4dd25fb61ad582b"
          },
          "private": "bnVsbA==",
          "dependencies": [
            "aws_route_table.demo",
            "aws_subnet.demo",
            "data.aws_availability_zones.available"
          ]
        },
        {
          "index_key": 1,
          "schema_version": 0,
          "attributes": {
            "gateway_id": null,
            "id": "rtbassoc-094eadc37e7241013",
            "route_table_id": "rtb-0c58eee14ae90e61f",
            "subnet_id": "subnet-001f382a97938e85c"
          },
          "private": "bnVsbA==",
          "dependencies": [
            "aws_route_table.demo",
            "aws_subnet.demo",
            "data.aws_availability_zones.available"
          ]
        },
        {
          "index_key": 2,
          "schema_version": 0,
          "attributes": {
            "gateway_id": null,
            "id": "rtbassoc-05ac5a6bae5e334ef",
            "route_table_id": "rtb-0c58eee14ae90e61f",
            "subnet_id": "subnet-0c96d49bdfdb9e694"
          },
          "private": "bnVsbA==",
          "dependencies": [
            "aws_route_table.demo",
            "aws_subnet.demo",
            "data.aws_availability_zones.available"
          ]
        }
      ]
    },
    {
      "mode": "managed",
      "type": "aws_security_group",
      "name": "demo-cluster",
      "provider": "provider[\"registry.terraform.io/hashicorp/aws\"]",
      "instances": [
        {
          "schema_version": 1,
          "attributes": {
            "arn": "arn:aws:ec2:us-east-1:560001942613:security-group/sg-0207c4ec3c714ad0b",
            "description": "Cluster communication with worker nodes",
            "egress": [
              {
                "cidr_blocks": [
                  "0.0.0.0/0"
                ],
                "description": "",
                "from_port": 0,
                "ipv6_cidr_blocks": [],
                "prefix_list_ids": [],
                "protocol": "-1",
                "security_groups": [],
                "self": false,
                "to_port": 0
              }
            ],
            "id": "sg-0207c4ec3c714ad0b",
            "ingress": [],
            "name": "demi_eks_cluster_sg",
            "name_prefix": "",
            "owner_id": "560001942613",
            "revoke_rules_on_delete": false,
            "tags": {
              "Name": "demi_eks_cluster_sg"
            },
            "timeouts": null,
            "vpc_id": "vpc-0bb7bb4e60d7d5cd1"
          },
          "private": "eyJlMmJmYjczMC1lY2FhLTExZTYtOGY4OC0zNDM2M2JjN2M0YzAiOnsiY3JlYXRlIjo2MDAwMDAwMDAwMDAsImRlbGV0ZSI6NjAwMDAwMDAwMDAwfSwic2NoZW1hX3ZlcnNpb24iOiIxIn0="
        }
      ]
    },
    {
      "mode": "managed",
      "type": "aws_security_group_rule",
      "name": "demo-cluster-ingress-workstation-https",
      "provider": "provider[\"registry.terraform.io/hashicorp/aws\"]",
      "instances": [
        {
          "schema_version": 2,
          "attributes": {
            "cidr_blocks": [
              "0.0.0.0/0"
            ],
            "description": "Allow workstation to communicate with the cluster API Server",
            "from_port": 443,
            "id": "sgrule-2987990672",
            "ipv6_cidr_blocks": null,
            "prefix_list_ids": null,
            "protocol": "tcp",
            "security_group_id": "sg-0207c4ec3c714ad0b",
            "self": false,
            "source_security_group_id": null,
            "to_port": 443,
            "type": "ingress"
          },
          "private": "eyJzY2hlbWFfdmVyc2lvbiI6IjIifQ==",
          "dependencies": [
            "aws_security_group.demo-cluster"
          ]
        }
      ]
    },
    {
      "mode": "managed",
      "type": "aws_subnet",
      "name": "demo",
      "provider": "provider[\"registry.terraform.io/hashicorp/aws\"]",
      "instances": [
        {
          "index_key": 0,
          "schema_version": 1,
          "attributes": {
            "arn": "arn:aws:ec2:us-east-1:560001942613:subnet/subnet-0d4dd25fb61ad582b",
            "assign_ipv6_address_on_creation": false,
            "availability_zone": "us-east-1a",
            "availability_zone_id": "use1-az1",
            "cidr_block": "10.30.24.0/24",
            "id": "subnet-0d4dd25fb61ad582b",
            "ipv6_cidr_block": "",
            "ipv6_cidr_block_association_id": "",
            "map_public_ip_on_launch": true,
            "outpost_arn": "",
            "owner_id": "560001942613",
            "tags": {
              "Name": "demi_eks_subnets",
              "kubernetes.io/cluster/demi_eks_cluster": "shared"
            },
            "timeouts": null,
            "vpc_id": "vpc-0bb7bb4e60d7d5cd1"
          },
          "private": "eyJlMmJmYjczMC1lY2FhLTExZTYtOGY4OC0zNDM2M2JjN2M0YzAiOnsiY3JlYXRlIjo2MDAwMDAwMDAwMDAsImRlbGV0ZSI6MTIwMDAwMDAwMDAwMH0sInNjaGVtYV92ZXJzaW9uIjoiMSJ9",
          "dependencies": [
            "data.aws_availability_zones.available"
          ]
        },
        {
          "index_key": 1,
          "schema_version": 1,
          "attributes": {
            "arn": "arn:aws:ec2:us-east-1:560001942613:subnet/subnet-001f382a97938e85c",
            "assign_ipv6_address_on_creation": false,
            "availability_zone": "us-east-1b",
            "availability_zone_id": "use1-az2",
            "cidr_block": "10.30.25.0/24",
            "id": "subnet-001f382a97938e85c",
            "ipv6_cidr_block": "",
            "ipv6_cidr_block_association_id": "",
            "map_public_ip_on_launch": true,
            "outpost_arn": "",
            "owner_id": "560001942613",
            "tags": {
              "Name": "demi_eks_subnets",
              "kubernetes.io/cluster/demi_eks_cluster": "shared"
            },
            "timeouts": null,
            "vpc_id": "vpc-0bb7bb4e60d7d5cd1"
          },
          "private": "eyJlMmJmYjczMC1lY2FhLTExZTYtOGY4OC0zNDM2M2JjN2M0YzAiOnsiY3JlYXRlIjo2MDAwMDAwMDAwMDAsImRlbGV0ZSI6MTIwMDAwMDAwMDAwMH0sInNjaGVtYV92ZXJzaW9uIjoiMSJ9",
          "dependencies": [
            "data.aws_availability_zones.available"
          ]
        },
        {
          "index_key": 2,
          "schema_version": 1,
          "attributes": {
            "arn": "arn:aws:ec2:us-east-1:560001942613:subnet/subnet-0c96d49bdfdb9e694",
            "assign_ipv6_address_on_creation": false,
            "availability_zone": "us-east-1c",
            "availability_zone_id": "use1-az4",
            "cidr_block": "10.30.26.0/24",
            "id": "subnet-0c96d49bdfdb9e694",
            "ipv6_cidr_block": "",
            "ipv6_cidr_block_association_id": "",
            "map_public_ip_on_launch": true,
            "outpost_arn": "",
            "owner_id": "560001942613",
            "tags": {
              "Name": "demi_eks_subnets",
              "kubernetes.io/cluster/demi_eks_cluster": "shared"
            },
            "timeouts": null,
            "vpc_id": "vpc-0bb7bb4e60d7d5cd1"
          },
          "private": "eyJlMmJmYjczMC1lY2FhLTExZTYtOGY4OC0zNDM2M2JjN2M0YzAiOnsiY3JlYXRlIjo2MDAwMDAwMDAwMDAsImRlbGV0ZSI6MTIwMDAwMDAwMDAwMH0sInNjaGVtYV92ZXJzaW9uIjoiMSJ9",
          "dependencies": [
            "data.aws_availability_zones.available"
          ]
        }
      ]
    }
  ]
}
